
Microsoft Visual Studio Solution File, Format Version 12.00
# Visual Studio Version 17
VisualStudioVersion = 17.4.33205.214
MinimumVisualStudioVersion = 10.0.40219.1
Project("{9A19103F-16F7-4668-BE54-9A1E7A4F7556}") = "Domain", "Domain\Domain.csproj", "{CA81CD7E-85B9-42E4-A196-5C30D7878662}"
EndProject
Project("{9A19103F-16F7-4668-BE54-9A1E7A4F7556}") = "Infrastructure", "Infrastructure\Infrastructure.csproj", "{6AE0CAA2-D3D1-4F1A-BE69-83DC4312CD62}"
EndProject
Project("{9A19103F-16F7-4668-BE54-9A1E7A4F7556}") = "Application", "Application\Application.csproj", "{B38CF9B7-4C25-4531-9852-92CF6A47D936}"
EndProject
Project("{9A19103F-16F7-4668-BE54-9A1E7A4F7556}") = "Service", "Service\Service.csproj", "{FF6C2461-E692-436F-837D-554E673C2EA0}"
EndProject
Global
	GlobalSection(SolutionConfigurationPlatforms) = preSolution
		Debug|Any CPU = Debug|Any CPU
		Release|Any CPU = Release|Any CPU
	EndGlobalSection
	GlobalSection(ProjectConfigurationPlatforms) = postSolution
		{CA81CD7E-85B9-42E4-A196-5C30D7878662}.Debug|Any CPU.ActiveCfg = Debug|Any CPU
		{CA81CD7E-85B9-42E4-A196-5C30D7878662}.Debug|Any CPU.Build.0 = Debug|Any CPU
		{CA81CD7E-85B9-42E4-A196-5C30D7878662}.Release|Any CPU.ActiveCfg = Release|Any CPU
		{CA81CD7E-85B9-42E4-A196-5C30D7878662}.Release|Any CPU.Build.0 = Release|Any CPU
		{6AE0CAA2-D3D1-4F1A-BE69-83DC4312CD62}.Debug|Any CPU.ActiveCfg = Debug|Any CPU
		{6AE0CAA2-D3D1-4F1A-BE69-83DC4312CD62}.Debug|Any CPU.Build.0 = Debug|Any CPU
		{6AE0CAA2-D3D1-4F1A-BE69-83DC4312CD62}.Release|Any CPU.ActiveCfg = Release|Any CPU
		{6AE0CAA2-D3D1-4F1A-BE69-83DC4312CD62}.Release|Any CPU.Build.0 = Release|Any CPU
		{B38CF9B7-4C25-4531-9852-92CF6A47D936}.Debug|Any CPU.ActiveCfg = Debug|Any CPU
		{B38CF9B7-4C25-4531-9852-92CF6A47D936}.Debug|Any CPU.Build.0 = Debug|Any CPU
		{B38CF9B7-4C25-4531-9852-92CF6A47D936}.Release|Any CPU.ActiveCfg = Release|Any CPU
		{B38CF9B7-4C25-4531-9852-92CF6A47D936}.Release|Any CPU.Build.0 = Release|Any CPU
		{FF6C2461-E692-436F-837D-554E673C2EA0}.Debug|Any CPU.ActiveCfg = Debug|Any CPU
		{FF6C2461-E692-436F-837D-554E673C2EA0}.Debug|Any CPU.Build.0 = Debug|Any CPU
		{FF6C2461-E692-436F-837D-554E673C2EA0}.Release|Any CPU.ActiveCfg = Release|Any CPU
		{FF6C2461-E692-436F-837D-554E673C2EA0}.Release|Any CPU.Build.0 = Release|Any CPU
	EndGlobalSection
	GlobalSection(SolutionProperties) = preSolution
		HideSolutionNode = FALSE
	EndGlobalSection
	GlobalSection(ExtensibilityGlobals) = postSolution
		SolutionGuid = {203DCE92-6AC8-4391-AE21-50851C4CC5EB}
	EndGlobalSection
EndGlobal
